
Microsoft Visual Studio Solution File, Format Version 12.00
# Visual Studio Version 16
VisualStudioVersion = 16.0.29411.108
MinimumVisualStudioVersion = 10.0.40219.1
Project("{9A19103F-16F7-4668-BE54-9A1E7A4F7556}") = "formulaOne_console", "formulaOne_console\formulaOne_console.csproj", "{B3EAAECD-C0F1-4DAD-9009-D32F7997DC81}"
EndProject
Project("{2150E333-8FDC-42A3-9474-1A3956D46DE8}") = "Solution Items", "Solution Items", "{B73FF1A3-371C-41D1-B581-54F117F25855}"
	ProjectSection(SolutionItems) = preProject
		README.md = README.md
	EndProjectSection
EndProject
Project("{FAE04EC0-301F-11D3-BF4B-00C04F79EFBC}") = "dll_Utilities", "dll_Utilities\dll_Utilities.csproj", "{C5C70C21-8B79-4FF8-B3AE-A94B2D2390B5}"
EndProject
Project("{9A19103F-16F7-4668-BE54-9A1E7A4F7556}") = "FormulaOneWebServices", "FormulaOneWebServices\FormulaOneWebServices.csproj", "{2B599483-8078-49BA-B86E-7E2BFAEBDC72}"
EndProject
Project("{FAE04EC0-301F-11D3-BF4B-00C04F79EFBC}") = "formulaOne_WebApp", "formulaOne_WebApp\formulaOne_WebApp.csproj", "{BC352FB9-3D99-4511-BC3D-ECACBB51DA4B}"
EndProject
Global
	GlobalSection(SolutionConfigurationPlatforms) = preSolution
		Debug|Any CPU = Debug|Any CPU
		Release|Any CPU = Release|Any CPU
	EndGlobalSection
	GlobalSection(ProjectConfigurationPlatforms) = postSolution
		{B3EAAECD-C0F1-4DAD-9009-D32F7997DC81}.Debug|Any CPU.ActiveCfg = Debug|Any CPU
		{B3EAAECD-C0F1-4DAD-9009-D32F7997DC81}.Debug|Any CPU.Build.0 = Debug|Any CPU
		{B3EAAECD-C0F1-4DAD-9009-D32F7997DC81}.Release|Any CPU.ActiveCfg = Release|Any CPU
		{B3EAAECD-C0F1-4DAD-9009-D32F7997DC81}.Release|Any CPU.Build.0 = Release|Any CPU
		{C5C70C21-8B79-4FF8-B3AE-A94B2D2390B5}.Debug|Any CPU.ActiveCfg = Debug|Any CPU
		{C5C70C21-8B79-4FF8-B3AE-A94B2D2390B5}.Debug|Any CPU.Build.0 = Debug|Any CPU
		{C5C70C21-8B79-4FF8-B3AE-A94B2D2390B5}.Release|Any CPU.ActiveCfg = Release|Any CPU
		{C5C70C21-8B79-4FF8-B3AE-A94B2D2390B5}.Release|Any CPU.Build.0 = Release|Any CPU
		{2B599483-8078-49BA-B86E-7E2BFAEBDC72}.Debug|Any CPU.ActiveCfg = Debug|Any CPU
		{2B599483-8078-49BA-B86E-7E2BFAEBDC72}.Debug|Any CPU.Build.0 = Debug|Any CPU
		{2B599483-8078-49BA-B86E-7E2BFAEBDC72}.Release|Any CPU.ActiveCfg = Release|Any CPU
		{2B599483-8078-49BA-B86E-7E2BFAEBDC72}.Release|Any CPU.Build.0 = Release|Any CPU
		{BC352FB9-3D99-4511-BC3D-ECACBB51DA4B}.Debug|Any CPU.ActiveCfg = Debug|Any CPU
		{BC352FB9-3D99-4511-BC3D-ECACBB51DA4B}.Debug|Any CPU.Build.0 = Debug|Any CPU
		{BC352FB9-3D99-4511-BC3D-ECACBB51DA4B}.Release|Any CPU.ActiveCfg = Release|Any CPU
		{BC352FB9-3D99-4511-BC3D-ECACBB51DA4B}.Release|Any CPU.Build.0 = Release|Any CPU
	EndGlobalSection
	GlobalSection(SolutionProperties) = preSolution
		HideSolutionNode = FALSE
	EndGlobalSection
	GlobalSection(ExtensibilityGlobals) = postSolution
		SolutionGuid = {D772E86D-FA85-4B41-98FD-8ECE993DE836}
	EndGlobalSection
EndGlobal
